
Microsoft Visual Studio Solution File, Format Version 12.00
# Visual Studio 15
VisualStudioVersion = 15.0.26206.0
MinimumVisualStudioVersion = 10.0.40219.1
Project("{FAE04EC0-301F-11D3-BF4B-00C04F79EFBC}") = "ARC_EYE", "ARC_EYE\ARC_EYE.csproj", "{06DD10A6-1BFD-459D-A167-E37B89A07DFA}"
EndProject
Global
	GlobalSection(SolutionConfigurationPlatforms) = preSolution
		Debug|Any CPU = Debug|Any CPU
		Release|Any CPU = Release|Any CPU
	EndGlobalSection
	GlobalSection(ProjectConfigurationPlatforms) = postSolution
		{06DD10A6-1BFD-459D-A167-E37B89A07DFA}.Debug|Any CPU.ActiveCfg = Debug|Any CPU
		{06DD10A6-1BFD-459D-A167-E37B89A07DFA}.Debug|Any CPU.Build.0 = Debug|Any CPU
		{06DD10A6-1BFD-459D-A167-E37B89A07DFA}.Release|Any CPU.ActiveCfg = Release|Any CPU
		{06DD10A6-1BFD-459D-A167-E37B89A07DFA}.Release|Any CPU.Build.0 = Release|Any CPU
	EndGlobalSection
	GlobalSection(SolutionProperties) = preSolution
		HideSolutionNode = FALSE
	EndGlobalSection
EndGlobal
