
Microsoft Visual Studio Solution File, Format Version 12.00
# Visual Studio 15
VisualStudioVersion = 15.0.26403.7
MinimumVisualStudioVersion = 10.0.40219.1
Project("{FAE04EC0-301F-11D3-BF4B-00C04F79EFBC}") = "ARC_EYE", "ARC_EYE.csproj", "{B31471FE-69F8-400E-B0FA-2A094FA1707A}"
EndProject
Project("{54435603-DBB4-11D2-8724-00A0C9A8B90C}") = "ARC_EYE_EXE", "..\ARC_EYE_EXE\ARC_EYE_EXE.vdproj", "{3186DA84-3394-4E02-B11D-F8A3C32709CB}"
EndProject
Global
	GlobalSection(SolutionConfigurationPlatforms) = preSolution
		Debug|Any CPU = Debug|Any CPU
		Release|Any CPU = Release|Any CPU
	EndGlobalSection
	GlobalSection(ProjectConfigurationPlatforms) = postSolution
		{B31471FE-69F8-400E-B0FA-2A094FA1707A}.Debug|Any CPU.ActiveCfg = Debug|Any CPU
		{B31471FE-69F8-400E-B0FA-2A094FA1707A}.Debug|Any CPU.Build.0 = Debug|Any CPU
		{B31471FE-69F8-400E-B0FA-2A094FA1707A}.Release|Any CPU.ActiveCfg = Release|Any CPU
		{B31471FE-69F8-400E-B0FA-2A094FA1707A}.Release|Any CPU.Build.0 = Release|Any CPU
		{3186DA84-3394-4E02-B11D-F8A3C32709CB}.Debug|Any CPU.ActiveCfg = Debug
		{3186DA84-3394-4E02-B11D-F8A3C32709CB}.Release|Any CPU.ActiveCfg = Release
	EndGlobalSection
	GlobalSection(SolutionProperties) = preSolution
		HideSolutionNode = FALSE
	EndGlobalSection
EndGlobal
